version = 1
revision = 3
requires-python = ">=3.14"

[[package]]
name = "annotated-types"
version = "0.8.0"
source = { registry = "https://pypi.org/simple" }
sdist = { url = "https://files.pythonhosted.org/packages/5f/56/a8120250d128bed162cd73c76d45f6ef9991f3e068f62a8ee060afa3104a/annotated_types-0.8.0.tar.gz", hash = "sha256:13b2beaad985e05e2d6407ee4c4f35590b11f8d693a258a561055cac8f64cab7", size = 15893, upload-time = "2026-07-23T20:16:13.995Z" }
wheels = [
    { url = "https://files.pythonhosted.org/packages/99/91/8acff4f5e50511b911bbccb72b8628a49c68ce14148cd9f6431094859a90/annotated_types-0.8.0-py3-none-any.whl", hash = "sha256:f072f4d804ea359e4eaf198b1af7a8b0943881a87f31bb764f8bf219bb9419e0", size = 13427, upload-time = "2026-07-23T20:16:12.938Z" },
]

[[package]]
name = "anyio"
version = "4.14.2"
source = { registry = "https://pypi.org/simple" }
dependencies = [
    { name = "idna" },
]
sdist = { url = "https://files.pythonhosted.org/packages/61/cc/a381afa6efea9f496eff839d4a6a1aed3bfafc7b3ab4b0d1b243a12573dd/anyio-4.14.2.tar.gz", hash = "sha256:cfa139f3ed1a23ee8f88a145ddb5ac7605b8bbfd8592baacd7ce3d8bb4313c7f", size = 260176, upload-time = "2026-07-12T20:29:07.082Z" }
wheels = [
    { url = "https://files.pythonhosted.org/packages/da/35/f2287558c17e29fafc8ef3daf819bb9834061cfa43bff8014f7df7f63bdc/anyio-4.14.2-py3-none-any.whl", hash = "sha256:9f505dda5ac9f0c8309b5e8bd445a8c2bf7246f3ce950121e45ea15bc41d1494", size = 125813, upload-time = "2026-07-12T20:29:05.763Z" },
]

[[package]]
name = "frank"
version = "0.1.0"
source = { virtual = "." }
dependencies = [
    { name = "openai" },
    { name = "python-dotenv" },
]

[package.metadata]
requires-dist = [
    { name = "openai", specifier = ">=1.0.0" },
    { name = "python-dotenv", specifier = ">=1.2.3" },
]

[[package]]
name = "h11"
version = "0.16.0"
source = { registry = "https://pypi.org/simple" }
sdist = { url = "https://files.pythonhosted.org/packages/01/ee/02a2c011bdab74c6fb3c75474d40b3052059d95df7e73351460c8588d963/h11-0.16.0.tar.gz", hash = "sha256:4e35b956cf45792e4caa5885e69fba00bdbc6ffafbfa020300e549b208ee5ff1", size = 101250, upload-time = "2025-04-24T03:35:25.427Z" }
wheels = [
    { url = "https://files.pythonhosted.org/packages/04/4b/29cac41a4d98d144bf5f6d33995617b185d14b22401f75ca86f384e87ff1/h11-0.16.0-py3-none-any.whl", hash = "sha256:63cf8bbe7522de3bf65932fda1d9c2772064ffb3dae62d55932da54b31cb6c86", size = 37515, upload-time = "2025-04-24T03:35:24.344Z" },
]

[[package]]
name = "httpcore2"
version = "2.12.0"
source = { registry = "https://pypi.org/simple" }
dependencies = [
    { name = "h11" },
    { name = "truststore" },
]
sdist = { url = "https://files.pythonhosted.org/packages/be/ad/f4f0e57345f1870f3e8cb624e058d7eca6e5a27d33bcc3311d9b618734cd/httpcore2-2.12.0.tar.gz", hash = "sha256:9293522bba0aa7c4c8e9e3f040c16575bd8868e155a77fa30c7a9085a5eae648", size = 67548, upload-time = "2026-08-18T13:22:08.211Z" }
wheels = [
    { url = "https://files.pythonhosted.org/packages/d2/74/d370e55600d9bcfa0d9794b0166126d49291a3d2b20c268fc98c453a4948/httpcore2-2.12.0-py3-none-any.whl", hash = "sha256:7e04258ce01013d7d615e5b910a3b27fac937d7a95038227e79652b4ba3b4ceb", size = 83074, upload-time = "2026-08-18T13:22:05.854Z" },
]

[[package]]
name = "httpx2"
version = "2.12.0"
source = { registry = "https://pypi.org/simple" }
dependencies = [
    { name = "anyio", marker = "sys_platform != 'emscripten'" },
    { name = "httpcore2", marker = "sys_platform != 'emscripten'" },
    { name = "httpx2-jsfetch", marker = "sys_platform == 'emscripten'" },
    { name = "idna" },
    { name = "truststore", marker = "sys_platform != 'emscripten'" },
]
sdist = { url = "https://files.pythonhosted.org/packages/7f/f8/579a8b51e42e38ee32647df9f08aa25643ae788e275cc625b199829c4671/httpx2-2.12.0.tar.gz", hash = "sha256:7631fe9887a8a2275f4a2540e053aa670fcc50742864a9ae7c66e609fdcf12cf", size = 100040, upload-time = "2026-08-18T13:22:09.086Z" }
wheels = [
    { url = "https://files.pythonhosted.org/packages/c8/95/411ba65569158e862368917aaf56597f3e5fa3b91b0502919638465a08f3/httpx2-2.12.0-py3-none-any.whl", hash = "sha256:cc8b6eecb8661c146b8f89a60e97456ee086e91a784ed31ac450c3a9e613dd36", size = 95427, upload-time = "2026-08-18T13:22:06.834Z" },
]

[[package]]
name = "httpx2-jsfetch"
version = "1.0"
source = { registry = "https://pypi.org/simple" }
sdist = { url = "https://files.pythonhosted.org/packages/cd/c4/0e5636363151a2a1795e0a77617168b9ca438e1748ec05fc9b5687f93d64/httpx2_jsfetch-1.0.tar.gz", hash = "sha256:70a0e3eabfef7cce5ad9c629f7d01ca05e418f586646f4ddf14782e4c1454c60", size = 6872, upload-time = "2026-08-07T00:13:07.492Z" }
wheels = [
    { url = "https://files.pythonhosted.org/packages/9b/43/832f631d32e4f1211caa2ba368317739fe71f0b8530e4c9d15dc454bac2a/httpx2_jsfetch-1.0-py3-none-any.whl", hash = "sha256:cb916b707601e69a07721aabc8f3f6659be3a6893bc1ff5c6f9e02241df2da32", size = 6382, upload-time = "2026-08-07T00:13:06.567Z" },
]

[[package]]
name = "idna"
version = "3.18"
source = { registry = "https://pypi.org/simple" }
sdist = { url = "https://files.pythonhosted.org/packages/cd/63/9496c57188a2ee585e0f1db071d75089a11e98aa86eb99d9d7618fc1edce/idna-3.18.tar.gz", hash = "sha256:ffb385a7e039654cef1ab9ef32c6fafe283c0c0467bba1d9029738ce4a14a848", size = 196711, upload-time = "2026-06-02T14:34:07.794Z" }
wheels = [
    { url = "https://files.pythonhosted.org/packages/1e/5e/d4e9f1a599fb8e573b7b87160658329fbf28d19eac2718f51fc3def3aa5a/idna-3.18-py3-none-any.whl", hash = "sha256:7f952cbe720b688055e3f87de14f5c3e5fdaa8bc3928985c4077ca689de849a2", size = 65455, upload-time = "2026-06-02T14:34:06.319Z" },
]

[[package]]
name = "jiter"
version = "0.16.0"
source = { registry = "https://pypi.org/simple" }
sdist = { url = "https://files.pythonhosted.org/packages/1d/1f/10936e16d8860c70698a1aa939a46aa0224813b782bce4e000e637da0b2d/jiter-0.16.0.tar.gz", hash = "sha256:7b24c3492c5f4f84a37946ad9cf504910cf6a782d6a4e0689b6673c5894b4a1c", size = 176431, upload-time = "2026-06-29T13:05:13.657Z" }
wheels = [
    { url = "https://files.pythonhosted.org/packages/a7/89/bc4f1b57d5da938fd344a466396541e586d161320d70bffd929aaafcd8f4/jiter-0.16.0-cp314-cp314-macosx_10_12_x86_64.whl", hash = "sha256:b2c61484666ad42726029af0c00ef4541f0f3b5cdc550221f56c2343208018ee", size = 308239, upload-time = "2026-06-29T13:03:57.205Z" },
    { url = "https://files.pythonhosted.org/packages/65/7a/c415453e5213001bf3b411ff65dec3d303b0e76a4a2cfea9768cd4960994/jiter-0.16.0-cp314-cp314-macosx_11_0_arm64.whl", hash = "sha256:63efadc657488f45db1c676d81e704cac2abf3fdb892def1faea61db053127e2", size = 308928, upload-time = "2026-06-29T13:03:58.643Z" },
    { url = "https://files.pythonhosted.org/packages/11/fc/1f4fb7ebf9a724c7741994f4aae18fba1e2f3133df14521a79194952c34a/jiter-0.16.0-cp314-cp314-manylinux_2_17_aarch64.manylinux2014_aarch64.whl", hash = "sha256:cf0d73f50e7b6935677854f6e8e31d499ca7064dd24734f703e060f5b237d883", size = 336998, upload-time = "2026-06-29T13:04:00.071Z" },
    { url = "https://files.pythonhosted.org/packages/a0/8d/72cadaac05ccfa7cc3a0a2232862e6c72443ca40cf300ba8b57f9f18b69b/jiter-0.16.0-cp314-cp314-manylinux_2_17_armv7l.manylinux2014_armv7l.whl", hash = "sha256:bf3ea07d9bc8e7d03a9fbc051295462e6dbc295b894fd72457c3136e3e43d898", size = 362112, upload-time = "2026-06-29T13:04:01.52Z" },
    { url = "https://files.pythonhosted.org/packages/58/4a/c4b0d5f651fda90a24ffce9f8d56cde462a2e09d31ae3de3c68cef34c04e/jiter-0.16.0-cp314-cp314-manylinux_2_17_ppc64le.manylinux2014_ppc64le.whl", hash = "sha256:26798522707abb47d767db536e4148ceac1b14446bf028ee85e579a2e043cfe5", size = 459807, upload-time = "2026-06-29T13:04:03.214Z" },
    { url = "https://files.pythonhosted.org/packages/80/58/ef77879ea9aa56b50824edc5a445e226422c7a8d211f3fd2a56bcb9493cf/jiter-0.16.0-cp314-cp314-manylinux_2_17_s390x.manylinux2014_s390x.whl", hash = "sha256:bc837c1b9631be10abfe0191537fe8009838204cec7e44827401ace390ddb567", size = 373181, upload-time = "2026-06-29T13:04:04.629Z" },
    { url = "https://files.pythonhosted.org/packages/49/2e/ffbc3f254e4d8a66da3062c624a7df4b7c2b2cf9e1fe43cf394b3e104041/jiter-0.16.0-cp314-cp314-manylinux_2_17_x86_64.manylinux2014_x86_64.whl", hash = "sha256:49060fd70737fad59d33ba9dcc0d83247dc9e77187de26053a19c16c9f32bd69", size = 344927, upload-time = "2026-06-29T13:04:06.067Z" },
    { url = "https://files.pythonhosted.org/packages/9a/f6/0be5dc6d64a89f80aa8fec984f94dedb2973e251edcae55841d60786d578/jiter-0.16.0-cp314-cp314-manylinux_2_31_riscv64.whl", hash = "sha256:adbb8edeadd431bc4477879d5d371ece7cb1334486584e0f252656dd7ffada29", size = 352754, upload-time = "2026-06-29T13:04:07.477Z" },
    { url = "https://files.pythonhosted.org/packages/da/6e/7d31243b3b91cd261dd19e9d3557fc3251a80883d3d8049c86174e7ab7af/jiter-0.16.0-cp314-cp314-manylinux_2_5_i686.manylinux1_i686.whl", hash = "sha256:31aaee5b80f672c1dc21272bcfb9cbdcfc1ea04ff50f00ed5af500b80c44fa93", size = 390553, upload-time = "2026-06-29T13:04:08.92Z" },
    { url = "https://files.pythonhosted.org/packages/25/33/51ae371fde3c88897520f62b4d5f8b27ad7103e2bb10812ff52195609853/jiter-0.16.0-cp314-cp314-musllinux_1_1_aarch64.whl", hash = "sha256:6722bcef4ffc86c835574b1b2fac6b33b9fb4a889c781e67950e891591f3c55a", size = 516900, upload-time = "2026-06-29T13:04:10.407Z" },
    { url = "https://files.pythonhosted.org/packages/a0/45/6449b3d123ea439ba79507c657288f461d55049e7bcbdc2cf8eb8210f491/jiter-0.16.0-cp314-cp314-musllinux_1_1_x86_64.whl", hash = "sha256:5ab4f50ff971b611d656554ea10b75f80097392c827bc32923c6eeb6386c8b00", size = 548754, upload-time = "2026-06-29T13:04:12.046Z" },
    { url = "https://files.pythonhosted.org/packages/9b/e7/fd2fb11ae3e2649333da3aa170d04d7b3000bbdc3b270f6513382fdf4e04/jiter-0.16.0-cp314-cp314-pyemscripten_2026_0_wasm32.whl", hash = "sha256:710cc51d4ebdcd3c1f70b232c1db1ea1344a075770422bbd4bede5708335acbe", size = 122381, upload-time = "2026-06-29T13:04:13.413Z" },
    { url = "https://files.pythonhosted.org/packages/26/80/f0b147a62c315a164ed2168908286ca302310824c218d3aae52b06c0c9a9/jiter-0.16.0-cp314-cp314-win32.whl", hash = "sha256:57b37fc887a32d44798e4d8ebfa7c9683ff3da1d5bf38f08d1bb3573ccb39106", size = 204578, upload-time = "2026-06-29T13:04:14.813Z" },
    { url = "https://files.pythonhosted.org/packages/5e/e6/4758a14304b4523a6f5adb2419340086aa3593bd4327c2b25b5948a90548/jiter-0.16.0-cp314-cp314-win_amd64.whl", hash = "sha256:cbd18dd5e2df96b580487b5745adf57ef64ad89ba2d9662fc3c19386acce7db8", size = 198154, upload-time = "2026-06-29T13:04:16.272Z" },
    { url = "https://files.pythonhosted.org/packages/26/be/41fa54a2e7ea41d6c99f1dc5b1f0fd4cb474680304b5d268dd518e81da3a/jiter-0.16.0-cp314-cp314-win_arm64.whl", hash = "sha256:a32d2027a9fa67f109ff245a3252ece3ccc32cc56703e1deab6cc846a59e0585", size = 191458, upload-time = "2026-06-29T13:04:17.707Z" },
    { url = "https://files.pythonhosted.org/packages/81/6b/59127338b86d9fe4d99418f5a15118bea778103ee0fe9d9dd7e0af174e95/jiter-0.16.0-cp314-cp314t-macosx_11_0_arm64.whl", hash = "sha256:2577196f4474ef3fc4779a088a23b0897bbf86f9ea3679c372d45b8383b43207", size = 316739, upload-time = "2026-06-29T13:04:19.663Z" },
    { url = "https://files.pythonhosted.org/packages/2d/95/49461034d5388196d3dabf98748935f017b7785d8f3f5349f834bcc4ed0d/jiter-0.16.0-cp314-cp314t-manylinux_2_17_aarch64.manylinux2014_aarch64.whl", hash = "sha256:616e89e008a93c01104161c75b4988e58716b01d62307ebfe161e52a56d2a818", size = 340911, upload-time = "2026-06-29T13:04:21.257Z" },
    { url = "https://files.pythonhosted.org/packages/cd/97/a4369f2fb82cb3dda13b98622f31249b2e014b223fe64ee534413ad72294/jiter-0.16.0-cp314-cp314t-manylinux_2_17_armv7l.manylinux2014_armv7l.whl", hash = "sha256:0e2e9efbe042210df657bade597f66d6d75723e3d8f45a12ea6d8167ff8bbce3", size = 361747, upload-time = "2026-06-29T13:04:22.677Z" },
    { url = "https://files.pythonhosted.org/packages/28/51/49b6ed456261646e1906016a6760367a28aacd3c24805e4e5fe64116c1db/jiter-0.16.0-cp314-cp314t-manylinux_2_17_ppc64le.manylinux2014_ppc64le.whl", hash = "sha256:3f4d9e473a5ce7d27fef8b848df4dc16e283893d3f53b4a585e72c9595f3c284", size = 460225, upload-time = "2026-06-29T13:04:24.441Z" },
    { url = "https://files.pythonhosted.org/packages/33/b5/5689aff4f66c5b60be63106e591dbfcba2190df97d2c9c7cf052361ddb98/jiter-0.16.0-cp314-cp314t-manylinux_2_17_s390x.manylinux2014_s390x.whl", hash = "sha256:8d30a4a1c87713060c8d1cc59a7b6c8fb6b8ef0a6900368014c76c87922a2929", size = 373169, upload-time = "2026-06-29T13:04:25.884Z" },
    { url = "https://files.pythonhosted.org/packages/a2/96/3ae1b85ee0d6d6cab254fb7f8da018272b932bbf2d69b07e98aa2a96c746/jiter-0.16.0-cp314-cp314t-manylinux_2_17_x86_64.manylinux2014_x86_64.whl", hash = "sha256:bae96332410f866e5900d809298b1ed82735932986c672495f9701daacd80620", size = 350332, upload-time = "2026-06-29T13:04:27.302Z" },
    { url = "https://files.pythonhosted.org/packages/15/32/c99d7bafd78986556c95bf60ce84c6cc98786eac56066c12d7f828bb6747/jiter-0.16.0-cp314-cp314t-manylinux_2_31_riscv64.whl", hash = "sha256:da3d7ec75dc83bb18bca888b5edfae0656a26849056c59e05a7728badd17e7af", size = 353377, upload-time = "2026-06-29T13:04:28.731Z" },
    { url = "https://files.pythonhosted.org/packages/0e/4b/f99a8e571287c3dec766bcc18528bbe8e8fb5365522ab5e6d64c93e87066/jiter-0.16.0-cp314-cp314t-manylinux_2_5_i686.manylinux1_i686.whl", hash = "sha256:ee6162b77d49a9939229df666dfa8af3e656b6701b54c4c84966d740e189264e", size = 387746, upload-time = "2026-06-29T13:04:30.319Z" },
    { url = "https://files.pythonhosted.org/packages/75/69/c78a5b3f71040e34eb5917df26fb7ae9a2174cad1ccbf277512507c53a6e/jiter-0.16.0-cp314-cp314t-musllinux_1_1_aarch64.whl", hash = "sha256:63ffdbdae7d4499f4cda14eadc12ddcabef0fc0c081191bdc2247489cb698077", size = 517292, upload-time = "2026-06-29T13:04:31.709Z" },
    { url = "https://files.pythonhosted.org/packages/c2/f7/095b38eda4c70d03651c403f29a5590f16d12ddc5d544aac9f9cddf72277/jiter-0.16.0-cp314-cp314t-musllinux_1_1_x86_64.whl", hash = "sha256:a111256a7193bea0759267b10385e5870949c239ed7b6ddbaaf57573edb38734", size = 549259, upload-time = "2026-06-29T13:04:33.721Z" },
    { url = "https://files.pythonhosted.org/packages/2e/c5/6a0207d90e5f656d95af98ebd0934f382d37674416f215aeda2ff8063e51/jiter-0.16.0-cp314-cp314t-win32.whl", hash = "sha256:de5ba8763e56b793561f43bed197c9ea55776daa5e9a6b91eed68a909bc9cdbf", size = 206523, upload-time = "2026-06-29T13:04:35.068Z" },
    { url = "https://files.pythonhosted.org/packages/a5/31/c757d5f30a8980fd945ce7b98be10be9e4ff59c7c42f5fd86804c2e87db8/jiter-0.16.0-cp314-cp314t-win_amd64.whl", hash = "sha256:b8a3f9a6008048fe9def7bf465180564a6e458047d2ce499149cfbe73c3ae9db", size = 200366, upload-time = "2026-06-29T13:04:36.61Z" },
    { url = "https://files.pythonhosted.org/packages/7c/a2/d88de6d313d734a544a7901353ad5db67cb38dcfcd91713b7979dafc345d/jiter-0.16.0-cp314-cp314t-win_arm64.whl", hash = "sha256:0fa25b09b13075c46f5bc174f2690525a925a4fc2f7c82969a2bbabff22386ce", size = 190516, upload-time = "2026-06-29T13:04:38.004Z" },
]

[[package]]
name = "openai"
version = "3.5.0"
source = { registry = "https://pypi.org/simple" }
dependencies = [
    { name = "anyio" },
    { name = "httpx2" },
    { name = "jiter" },
    { name = "pydantic" },
    { name = "sniffio" },
    { name = "typing-extensions" },
]
sdist = { url = "https://files.pythonhosted.org/packages/3e/d3/50ffb9a7bce5097ffeb476905c0661f4468a3ca7bb489b152542f14fdd8e/openai-3.5.0.tar.gz", hash = "sha256:743738bb458a586d0d02d173bf398d29d7d7a80d182d167aa74f1c08814ecc78", size = 1355486, upload-time = "2026-08-27T01:00:49.113Z" }
wheels = [
    { url = "https://files.pythonhosted.org/packages/9d/9f/03bba05ade050f306c9b9e8b99e3681791dbb30148cd76a793c277fed494/openai-3.5.0-py3-none-any.whl", hash = "sha256:7c0873d379655f65fa515c5692c8620e73bf6a6dce3e63f37589bc99bda3fdfd", size = 1697968, upload-time = "2026-08-27T01:00:47.131Z" },
]

[[package]]
name = "pydantic"
version = "2.12.5"
source = { registry = "https://pypi.org/simple" }
dependencies = [
    { name = "annotated-types" },
    { name = "pydantic-core" },
    { name = "typing-extensions" },
    { name = "typing-inspection" },
]
sdist = { url = "https://files.pythonhosted.org/packages/69/44/36f1a6e523abc58ae5f928898e4aca2e0ea509b5aa6f6f392a5d882be928/pydantic-2.12.5.tar.gz", hash = "sha256:4d351024c75c0f085a9febbb665ce8c0c6ec5d30e903bdb6394b7ede26aebb49", size = 821591, upload-time = "2025-11-26T15:11:46.471Z" }
wheels = [
    { url = "https://files.pythonhosted.org/packages/5a/87/b70ad306ebb6f9b585f114d0ac2137d792b48be34d732d60e597c2f8465a/pydantic-2.12.5-py3-none-any.whl", hash = "sha256:e561593fccf61e8a20fc46dfc2dfe075b8be7d0188df33f221ad1f0139180f9d", size = 463580, upload-time = "2025-11-26T15:11:44.605Z" },
]

[[package]]
name = "pydantic-core"
version = "2.41.5"
source = { registry = "https://pypi.org/simple" }
dependencies = [
    { name = "typing-extensions" },
]
sdist = { url = "https://files.pythonhosted.org/packages/71/70/23b021c950c2addd24ec408e9ab05d59b035b39d97cdc1130e1bce647bb6/pydantic_core-2.41.5.tar.gz", hash = "sha256:08daa51ea16ad373ffd5e7606252cc32f07bc72b28284b6bc9c6df804816476e", size = 460952, upload-time = "2025-11-04T13:43:49.098Z" }
wheels = [
    { url = "https://files.pythonhosted.org/packages/ea/28/46b7c5c9635ae96ea0fbb779e271a38129df2550f763937659ee6c5dbc65/pydantic_core-2.41.5-cp314-cp314-macosx_10_12_x86_64.whl", hash = "sha256:3f37a19d7ebcdd20b96485056ba9e8b304e27d9904d233d7b1015db320e51f0a", size = 2119622, upload-time = "2025-11-04T13:40:56.68Z" },
    { url = "https://files.pythonhosted.org/packages/74/1a/145646e5687e8d9a1e8d09acb278c8535ebe9e972e1f162ed338a622f193/pydantic_core-2.41.5-cp314-cp314-macosx_11_0_arm64.whl", hash = "sha256:1d1d9764366c73f996edd17abb6d9d7649a7eb690006ab6adbda117717099b14", size = 1891725, upload-time = "2025-11-04T13:40:58.807Z" },
    { url = "https://files.pythonhosted.org/packages/23/04/e89c29e267b8060b40dca97bfc64a19b2a3cf99018167ea1677d96368273/pydantic_core-2.41.5-cp314-cp314-manylinux_2_17_aarch64.manylinux2014_aarch64.whl", hash = "sha256:25e1c2af0fce638d5f1988b686f3b3ea8cd7de5f244ca147c777769e798a9cd1", size = 1915040, upload-time = "2025-11-04T13:41:00.853Z" },
    { url = "https://files.pythonhosted.org/packages/84/a3/15a82ac7bd97992a82257f777b3583d3e84bdb06ba6858f745daa2ec8a85/pydantic_core-2.41.5-cp314-cp314-manylinux_2_17_armv7l.manylinux2014_armv7l.whl", hash = "sha256:506d766a8727beef16b7adaeb8ee6217c64fc813646b424d0804d67c16eddb66", size = 2063691, upload-time = "2025-11-04T13:41:03.504Z" },
    { url = "https://files.pythonhosted.org/packages/74/9b/0046701313c6ef08c0c1cf0e028c67c770a4e1275ca73131563c5f2a310a/pydantic_core-2.41.5-cp314-cp314-manylinux_2_17_ppc64le.manylinux2014_ppc64le.whl", hash = "sha256:4819fa52133c9aa3c387b3328f25c1facc356491e6135b459f1de698ff64d869", size = 2213897, upload-time = "2025-11-04T13:41:05.804Z" },
    { url = "https://files.pythonhosted.org/packages/8a/cd/6bac76ecd1b27e75a95ca3a9a559c643b3afcd2dd62086d4b7a32a18b169/pydantic_core-2.41.5-cp314-cp314-manylinux_2_17_s390x.manylinux2014_s390x.whl", hash = "sha256:2b761d210c9ea91feda40d25b4efe82a1707da2ef62901466a42492c028553a2", size = 2333302, upload-time = "2025-11-04T13:41:07.809Z" },
    { url = "https://files.pythonhosted.org/packages/4c/d2/ef2074dc020dd6e109611a8be4449b98cd25e1b9b8a303c2f0fca2f2bcf7/pydantic_core-2.41.5-cp314-cp314-manylinux_2_17_x86_64.manylinux2014_x86_64.whl", hash = "sha256:22f0fb8c1c583a3b6f24df2470833b40207e907b90c928cc8d3594b76f874375", size = 2064877, upload-time = "2025-11-04T13:41:09.827Z" },
    { url = "https://files.pythonhosted.org/packages/18/66/e9db17a9a763d72f03de903883c057b2592c09509ccfe468187f2a2eef29/pydantic_core-2.41.5-cp314-cp314-manylinux_2_5_i686.manylinux1_i686.whl", hash = "sha256:2782c870e99878c634505236d81e5443092fba820f0373997ff75f90f68cd553", size = 2180680, upload-time = "2025-11-04T13:41:12.379Z" },
    { url = "https://files.pythonhosted.org/packages/d3/9e/3ce66cebb929f3ced22be85d4c2399b8e85b622db77dad36b73c5387f8f8/pydantic_core-2.41.5-cp314-cp314-musllinux_1_1_aarch64.whl", hash = "sha256:0177272f88ab8312479336e1d777f6b124537d47f2123f89cb37e0accea97f90", size = 2138960, upload-time = "2025-11-04T13:41:14.627Z" },
    { url = "https://files.pythonhosted.org/packages/a6/62/205a998f4327d2079326b01abee48e502ea739d174f0a89295c481a2272e/pydantic_core-2.41.5-cp314-cp314-musllinux_1_1_armv7l.whl", hash = "sha256:63510af5e38f8955b8ee5687740d6ebf7c2a0886d15a6d65c32814613681bc07", size = 2339102, upload-time = "2025-11-04T13:41:16.868Z" },
    { url = "https://files.pythonhosted.org/packages/3c/0d/f05e79471e889d74d3d88f5bd20d0ed189ad94c2423d81ff8d0000aab4ff/pydantic_core-2.41.5-cp314-cp314-musllinux_1_1_x86_64.whl", hash = "sha256:e56ba91f47764cc14f1daacd723e3e82d1a89d783f0f5afe9c364b8bb491ccdb", size = 2326039, upload-time = "2025-11-04T13:41:18.934Z" },
    { url = "https://files.pythonhosted.org/packages/ec/e1/e08a6208bb100da7e0c4b288eed624a703f4d129bde2da475721a80cab32/pydantic_core-2.41.5-cp314-cp314-win32.whl", hash = "sha256:aec5cf2fd867b4ff45b9959f8b20ea3993fc93e63c7363fe6851424c8a7e7c23", size = 1995126, upload-time = "2025-11-04T13:41:21.418Z" },
    { url = "https://files.pythonhosted.org/packages/48/5d/56ba7b24e9557f99c9237e29f5c09913c81eeb2f3217e40e922353668092/pydantic_core-2.41.5-cp314-cp314-win_amd64.whl", hash = "sha256:8e7c86f27c585ef37c35e56a96363ab8de4e549a95512445b85c96d3e2f7c1bf", size = 2015489, upload-time = "2025-11-04T13:41:24.076Z" },
    { url = "https://files.pythonhosted.org/packages/4e/bb/f7a190991ec9e3e0ba22e4993d8755bbc4a32925c0b5b42775c03e8148f9/pydantic_core-2.41.5-cp314-cp314-win_arm64.whl", hash = "sha256:e672ba74fbc2dc8eea59fb6d4aed6845e6905fc2a8afe93175d94a83ba2a01a0", size = 1977288, upload-time = "2025-11-04T13:41:26.33Z" },
    { url = "https://files.pythonhosted.org/packages/92/ed/77542d0c51538e32e15afe7899d79efce4b81eee631d99850edc2f5e9349/pydantic_core-2.41.5-cp314-cp314t-macosx_10_12_x86_64.whl", hash = "sha256:8566def80554c3faa0e65ac30ab0932b9e3a5cd7f8323764303d468e5c37595a", size = 2120255, upload-time = "2025-11-04T13:41:28.569Z" },
    { url = "https://files.pythonhosted.org/packages/bb/3d/6913dde84d5be21e284439676168b28d8bbba5600d838b9dca99de0fad71/pydantic_core-2.41.5-cp314-cp314t-macosx_11_0_arm64.whl", hash = "sha256:b80aa5095cd3109962a298ce14110ae16b8c1aece8b72f9dafe81cf597ad80b3", size = 1863760, upload-time = "2025-11-04T13:41:31.055Z" },
    { url = "https://files.pythonhosted.org/packages/5a/f0/e5e6b99d4191da102f2b0eb9687aaa7f5bea5d9964071a84effc3e40f997/pydantic_core-2.41.5-cp314-cp314t-manylinux_2_17_aarch64.manylinux2014_aarch64.whl", hash = "sha256:3006c3dd9ba34b0c094c544c6006cc79e87d8612999f1a5d43b769b89181f23c", size = 1878092, upload-time = "2025-11-04T13:41:33.21Z" },
    { url = "https://files.pythonhosted.org/packages/71/48/36fb760642d568925953bcc8116455513d6e34c4beaa37544118c36aba6d/pydantic_core-2.41.5-cp314-cp314t-manylinux_2_17_armv7l.manylinux2014_armv7l.whl", hash = "sha256:72f6c8b11857a856bcfa48c86f5368439f74453563f951e473514579d44aa612", size = 2053385, upload-time = "2025-11-04T13:41:35.508Z" },
    { url = "https://files.pythonhosted.org/packages/20/25/92dc684dd8eb75a234bc1c764b4210cf2646479d54b47bf46061657292a8/pydantic_core-2.41.5-cp314-cp314t-manylinux_2_17_ppc64le.manylinux2014_ppc64le.whl", hash = "sha256:5cb1b2f9742240e4bb26b652a5aeb840aa4b417c7748b6f8387927bc6e45e40d", size = 2218832, upload-time = "2025-11-04T13:41:37.732Z" },
    { url = "https://files.pythonhosted.org/packages/e2/09/f53e0b05023d3e30357d82eb35835d0f6340ca344720a4599cd663dca599/pydantic_core-2.41.5-cp314-cp314t-manylinux_2_17_s390x.manylinux2014_s390x.whl", hash = "sha256:bd3d54f38609ff308209bd43acea66061494157703364ae40c951f83ba99a1a9", size = 2327585, upload-time = "2025-11-04T13:41:40Z" },
    { url = "https://files.pythonhosted.org/packages/aa/4e/2ae1aa85d6af35a39b236b1b1641de73f5a6ac4d5a7509f77b814885760c/pydantic_core-2.41.5-cp314-cp314t-manylinux_2_17_x86_64.manylinux2014_x86_64.whl", hash = "sha256:2ff4321e56e879ee8d2a879501c8e469414d948f4aba74a2d4593184eb326660", size = 2041078, upload-time = "2025-11-04T13:41:42.323Z" },
    { url = "https://files.pythonhosted.org/packages/cd/13/2e215f17f0ef326fc72afe94776edb77525142c693767fc347ed6288728d/pydantic_core-2.41.5-cp314-cp314t-manylinux_2_5_i686.manylinux1_i686.whl", hash = "sha256:d0d2568a8c11bf8225044aa94409e21da0cb09dcdafe9ecd10250b2baad531a9", size = 2173914, upload-time = "2025-11-04T13:41:45.221Z" },
    { url = "https://files.pythonhosted.org/packages/02/7a/f999a6dcbcd0e5660bc348a3991c8915ce6599f4f2c6ac22f01d7a10816c/pydantic_core-2.41.5-cp314-cp314t-musllinux_1_1_aarch64.whl", hash = "sha256:a39455728aabd58ceabb03c90e12f71fd30fa69615760a075b9fec596456ccc3", size = 2129560, upload-time = "2025-11-04T13:41:47.474Z" },
    { url = "https://files.pythonhosted.org/packages/3a/b1/6c990ac65e3b4c079a4fb9f5b05f5b013afa0f4ed6780a3dd236d2cbdc64/pydantic_core-2.41.5-cp314-cp314t-musllinux_1_1_armv7l.whl", hash = "sha256:239edca560d05757817c13dc17c50766136d21f7cd0fac50295499ae24f90fdf", size = 2329244, upload-time = "2025-11-04T13:41:49.992Z" },
    { url = "https://files.pythonhosted.org/packages/d9/02/3c562f3a51afd4d88fff8dffb1771b30cfdfd79befd9883ee094f5b6c0d8/pydantic_core-2.41.5-cp314-cp314t-musllinux_1_1_x86_64.whl", hash = "sha256:2a5e06546e19f24c6a96a129142a75cee553cc018ffee48a460059b1185f4470", size = 2331955, upload-time = "2025-11-04T13:41:54.079Z" },
    { url = "https://files.pythonhosted.org/packages/5c/96/5fb7d8c3c17bc8c62fdb031c47d77a1af698f1d7a406b0f79aaa1338f9ad/pydantic_core-2.41.5-cp314-cp314t-win32.whl", hash = "sha256:b4ececa40ac28afa90871c2cc2b9ffd2ff0bf749380fbdf57d165fd23da353aa", size = 1988906, upload-time = "2025-11-04T13:41:56.606Z" },
    { url = "https://files.pythonhosted.org/packages/22/ed/182129d83032702912c2e2d8bbe33c036f342cc735737064668585dac28f/pydantic_core-2.41.5-cp314-cp314t-win_amd64.whl", hash = "sha256:80aa89cad80b32a912a65332f64a4450ed00966111b6615ca6816153d3585a8c", size = 1981607, upload-time = "2025-11-04T13:41:58.889Z" },
    { url = "https://files.pythonhosted.org/packages/9f/ed/068e41660b832bb0b1aa5b58011dea2a3fe0ba7861ff38c4d4904c1c1a99/pydantic_core-2.41.5-cp314-cp314t-win_arm64.whl", hash = "sha256:35b44f37a3199f771c3eaa53051bc8a70cd7b54f333531c59e29fd4db5d15008", size = 1974769, upload-time = "2025-11-04T13:42:01.186Z" },
]

[[package]]
name = "python-dotenv"
version = "1.2.3"
source = { registry = "https://pypi.org/simple" }
sdist = { url = "https://files.pythonhosted.org/packages/6a/53/ed9d74092561d4b01a2ef1349d52cdbc135e526c245f366b089cfca6de49/python_dotenv-1.2.3.tar.gz", hash = "sha256:a20a594dabeaa385725aa239d5244871c143ecb356add8a20fcf23773a6c3a35", size = 58945, upload-time = "2026-08-16T16:54:54.067Z" }
wheels = [
    { url = "https://files.pythonhosted.org/packages/0d/17/c5c6b53ddc18f297992099b3d9ec16c855c0ccc83263a21fe4d1c625ec6c/python_dotenv-1.2.3-py3-none-any.whl", hash = "sha256:904552145e8bfed22162c09dab1c2b9b54fefa7b23ba780f4f26ca0316b0f0d9", size = 22780, upload-time = "2026-08-16T16:54:52.473Z" },
]

[[package]]
name = "sniffio"
version = "1.3.1"
source = { registry = "https://pypi.org/simple" }
sdist = { url = "https://files.pythonhosted.org/packages/a2/87/a6771e1546d97e7e041b6ae58d80074f81b7d5121207425c964ddf5cfdbd/sniffio-1.3.1.tar.gz", hash = "sha256:f4324edc670a0f49750a81b895f35c3adb843cca46f0530f79fc1babb23789dc", size = 20372, upload-time = "2024-02-25T23:20:04.057Z" }
wheels = [
    { url = "https://files.pythonhosted.org/packages/e9/44/75a9c9421471a6c4805dbf2356f7c181a29c1879239abab1ea2cc8f38b40/sniffio-1.3.1-py3-none-any.whl", hash = "sha256:2f6da418d1f1e0fddd844478f41680e794e6051915791a034ff65e5f100525a2", size = 10235, upload-time = "2024-02-25T23:20:01.196Z" },
]

[[package]]
name = "truststore"
version = "0.10.4"
source = { registry = "https://pypi.org/simple" }
sdist = { url = "https://files.pythonhosted.org/packages/53/a3/1585216310e344e8102c22482f6060c7a6ea0322b63e026372e6dcefcfd6/truststore-0.10.4.tar.gz", hash = "sha256:9d91bd436463ad5e4ee4aba766628dd6cd7010cf3e2461756b3303710eebc301", size = 26169, upload-time = "2025-08-12T18:49:02.73Z" }
wheels = [
    { url = "https://files.pythonhosted.org/packages/19/97/56608b2249fe206a67cd573bc93cd9896e1efb9e98bce9c163bcdc704b88/truststore-0.10.4-py3-none-any.whl", hash = "sha256:adaeaecf1cbb5f4de3b1959b42d41f6fab57b2b1666adb59e89cb0b53361d981", size = 18660, upload-time = "2025-08-12T18:49:01.46Z" },
]

[[package]]
name = "typing-extensions"
version = "4.16.0"
source = { registry = "https://pypi.org/simple" }
sdist = { url = "https://files.pythonhosted.org/packages/f6/cc/6253133b5bb138fc3306cebfbda2c520f545d36b5be2c7255cc528bb45d6/typing_extensions-4.16.0.tar.gz", hash = "sha256:dc983d19a509c94dba722ee6abd33940f7c05a89e243c47e907eb4db6f1a43e5", size = 113555, upload-time = "2026-07-02T08:40:05.92Z" }
wheels = [
    { url = "https://files.pythonhosted.org/packages/49/d3/b8441a820a491ddfc024b0b0cf0393375b75ea13866d9c66727e54c2fc80/typing_extensions-4.16.0-py3-none-any.whl", hash = "sha256:481caa481374e813c1b176ada14e97f1f67a4539ce9cfeb3f350d78d6370c2e8", size = 45571, upload-time = "2026-07-02T08:40:04.659Z" },
]

[[package]]
name = "typing-inspection"
version = "0.4.4"
source = { registry = "https://pypi.org/simple" }
dependencies = [
    { name = "typing-extensions" },
]
sdist = { url = "https://files.pythonhosted.org/packages/a3/26/b09b8010994eccc3c09092e6b34058f36a460eea2d4c3e8b910c695975a0/typing_inspection-0.4.4.tar.gz", hash = "sha256:547274fa6b0a561ccf549cc9524b999a578e737d015d8709d021f9d0d13bea47", size = 76928, upload-time = "2026-08-12T12:37:25.997Z" }
wheels = [
    { url = "https://files.pythonhosted.org/packages/67/81/4add07e5172b7ac40d8ed5ff580409a7801a4fe26d529bdd915401dabfbe/typing_inspection-0.4.4-py3-none-any.whl", hash = "sha256:65b8397ba37ccbce054456aaccddfc91e6e3083c92824df348d96ca832f3f147", size = 14750, upload-time = "2026-08-12T12:37:24.648Z" },
]
